{
    "_readme": [
        "This file locks the dependencies of your project to a known state",
        "Read more about it at https://getcomposer.org/doc/01-basic-usage.md#composer-lock-the-lock-file",
        "This file is @generated automatically"
    ],
    "content-hash": "a9cd59b7c6776bacfb011ad32c354d6e",
    "packages": [
        {
            "name": "leafo/scssphp",
            "version": "v0.1.1",
            "source": {
                "type": "git",
                "url": "https://github.com/leafo/scssphp.git",
                "reference": "8c08da585537e97efd528c7d278463d2b9396371"
            },
            "dist": {
                "type": "zip",
                "url": "https://api.github.com/repos/leafo/scssphp/zipball/8c08da585537e97efd528c7d278463d2b9396371",
                "reference": "8c08da585537e97efd528c7d278463d2b9396371",
                "shasum": ""
            },
            "require": {
                "php": ">=5.3.0"
            },
            "require-dev": {
                "phpunit/phpunit": "3.7.*"
            },
            "bin": [
                "bin/pscss"
            ],
            "type": "library",
            "autoload": {
                "classmap": [
                    "classmap.php"
                ],
                "psr-4": {
                    "Leafo\\ScssPhp\\": "src/"
                }
            },
            "notification-url": "http://packagist.org/downloads/",
            "license": [
                "MIT",
                "GPL-3.0"
            ],
            "authors": [
                {
                    "name": "Leaf Corcoran",
                    "email": "leafot@gmail.com",
                    "homepage": "http://leafo.net"
                }
            ],
            "description": "scssphp is a compiler for SCSS written in PHP.",
            "homepage": "http://leafo.net/scssphp/",
            "keywords": [
                "css",
                "less",
                "sass",
                "scss",
                "stylesheet"
            ],
            "time": "2014-08-12T22:41:53+00:00"
        },
        {
            "name": "panique/php-sass",
            "version": "v1.0",
            "source": {
                "type": "git",
                "url": "https://github.com/panique/php-sass.git",
                "reference": "97fd846769cb5370bafb4047e9010256356fef6c"
            },
            "dist": {
                "type": "zip",
                "url": "https://api.github.com/repos/panique/php-sass/zipball/97fd846769cb5370bafb4047e9010256356fef6c",
                "reference": "97fd846769cb5370bafb4047e9010256356fef6c",
                "shasum": ""
            },
            "require": {
                "leafo/scssphp": "v0.1.1",
                "php": ">=5.3.0"
            },
            "type": "library",
            "autoload": {
                "files": [
                    "sass-compiler.php"
                ]
            },
            "notification-url": "http://packagist.org/downloads/",
            "license": [
                "MIT"
            ],
            "authors": [
                {
                    "name": "Panique",
                    "homepage": "http://careers.stackoverflow.com/panique",
                    "role": "Developer"
                }
            ],
            "description": "Compiles your SASS .scss files to .css every time your run your app (in development)",
            "homepage": "https://github.com/panique/php-sass",
            "keywords": [
                "css",
                "sass",
                "scss"
            ],
            "time": "2014-09-08T18:18:05+00:00"
        }
    ],
    "packages-dev": [],
    "aliases": [],
    "minimum-stability": "stable",
    "stability-flags": [],
    "prefer-stable": false,
    "prefer-lowest": false,
    "platform": [],
    "platform-dev": []
}
